
Microsoft Visual Studio Solution File, Format Version 12.00
# Visual Studio Version 16
VisualStudioVersion = 16.0.29001.49
MinimumVisualStudioVersion = 10.0.40219.1
Project("{FAE04EC0-301F-11D3-BF4B-00C04F79EFBC}") = "COMP123-S2019-Lab10-301038102", "COMP123-S2019-Lab10-301038102\COMP123-S2019-Lab10-301038102.csproj", "{70C3484B-F8F1-4235-B543-5E271AD9978F}"
EndProject
Global
	GlobalSection(SolutionConfigurationPlatforms) = preSolution
		Debug|Any CPU = Debug|Any CPU
		Release|Any CPU = Release|Any CPU
	EndGlobalSection
	GlobalSection(ProjectConfigurationPlatforms) = postSolution
		{70C3484B-F8F1-4235-B543-5E271AD9978F}.Debug|Any CPU.ActiveCfg = Debug|Any CPU
		{70C3484B-F8F1-4235-B543-5E271AD9978F}.Debug|Any CPU.Build.0 = Debug|Any CPU
		{70C3484B-F8F1-4235-B543-5E271AD9978F}.Release|Any CPU.ActiveCfg = Release|Any CPU
		{70C3484B-F8F1-4235-B543-5E271AD9978F}.Release|Any CPU.Build.0 = Release|Any CPU
	EndGlobalSection
	GlobalSection(SolutionProperties) = preSolution
		HideSolutionNode = FALSE
	EndGlobalSection
	GlobalSection(ExtensibilityGlobals) = postSolution
		SolutionGuid = {724C548A-745D-4A53-AA2B-9A978DD71ACD}
	EndGlobalSection
EndGlobal
